// !$*UTF8*$!
{
	archiveVersion = 1;
	classes = {
	};
	objectVersion = 46;
	objects = {

/* Begin PBXBuildFile section */
		00C424351DE43CCA00C2DB24 /* AppDelegate.swift in Sources */ = {isa = PBXBuildFile; fileRef = 00C424341DE43CCA00C2DB24 /* AppDelegate.swift */; };
		00C424371DE43CCA00C2DB24 /* ViewController.swift in Sources */ = {isa = PBXBuildFile; fileRef = 00C424361DE43CCA00C2DB24 /* ViewController.swift */; };
		00C4243A1DE43CCA00C2DB24 /* Main.storyboard in Resources */ = {isa = PBXBuildFile; fileRef = 00C424381DE43CCA00C2DB24 /* Main.storyboard */; };
		00C4243C1DE43CCA00C2DB24 /* Assets.xcassets in Resources */ = {isa = PBXBuildFile; fileRef = 00C4243B1DE43CCA00C2DB24 /* Assets.xcassets */; };
		00C4243F1DE43CCA00C2DB24 /* LaunchScreen.storyboard in Resources */ = {isa = PBXBuildFile; fileRef = 00C4243D1DE43CCA00C2DB24 /* LaunchScreen.storyboard */; };
/* End PBXBuildFile section */

/* Begin PBXFileReference section */
		00C424311DE43CCA00C2DB24 /* GradientDemo.app */ = {isa = PBXFileReference; explicitFileType = wrapper.application; includeInIndex = 0; path = GradientDemo.app; sourceTree = BUILT_PRODUCTS_DIR; };
		00C424341DE43CCA00C2DB24 /* AppDelegate.swift */ = {isa = PBXFileReference; lastKnownFileType = sourcecode.swift; path = AppDelegate.swift; sourceTree = "<group>"; };
		00C424361DE43CCA00C2DB24 /* ViewController.swift */ = {isa = PBXFileReference; lastKnownFileType = sourcecode.swift; path = ViewController.swift; sourceTree = "<group>"; };
		00C424391DE43CCA00C2DB24 /* Base */ = {isa = PBXFileReference; lastKnownFileType = file.storyboard; name = Base; path = Base.lproj/Main.storyboard; sourceTree = "<group>"; };
		00C4243B1DE43CCA00C2DB24 /* Assets.xcassets */ = {isa = PBXFileReference; lastKnownFileType = folder.assetcatalog; path = Assets.xcassets; sourceTree = "<group>"; };
		00C4243E1DE43CCA00C2DB24 /* Base */ = {isa = PBXFileReference; lastKnownFileType = file.storyboard; name = Base; path = Base.lproj/LaunchScreen.storyboard; sourceTree = "<group>"; };
		00C424401DE43CCA00C2DB24 /* Info.plist */ = {isa = PBXFileReference; lastKnownFileType = text.plist.xml; path = Info.plist; sourceTree = "<group>"; };
/* End PBXFileReference section */

/* Begin PBXFrameworksBuildPhase section */
		00C4242E1DE43CCA00C2DB24 /* Frameworks */ = {
			isa = PBXFrameworksBuildPhase;
			buildActionMask = 2147483647;
			files = (
			);
			runOnlyForDeploymentPostprocessing = 0;
		};
/* End PBXFrameworksBuildPhase section */

/* Begin PBXGroup section */
		00C424281DE43CCA00C2DB24 = {
			isa = PBXGroup;
			children = (
				00C424331DE43CCA00C2DB24 /* GradientDemo */,
				00C424321DE43CCA00C2DB24 /* Products */,
			);
			sourceTree = "<group>";
		};
		00C424321DE43CCA00C2DB24 /* Products */ = {
			isa = PBXGroup;
			children = (
				00C424311DE43CCA00C2DB24 /* GradientDemo.app */,
			);
			name = Products;
			sourceTree = "<group>";
		};
		00C424331DE43CCA00C2DB24 /* GradientDemo */ = {
			isa = PBXGroup;
			children = (
				00C424341DE43CCA00C2DB24 /* AppDelegate.swift */,
				00C424361DE43CCA00C2DB24 /* ViewController.swift */,
				00C424381DE43CCA00C2DB24 /* Main.storyboard */,
				00C4243B1DE43CCA00C2DB24 /* Assets.xcassets */,
				00C4243D1DE43CCA00C2DB24 /* LaunchScreen.storyboard */,
				00C424401DE43CCA00C2DB24 /* Info.plist */,
			);
			path = GradientDemo;
			sourceTree = "<group>";
		};
/* End PBXGroup section */

/* Begin PBXNativeTarget section */
		00C424301DE43CCA00C2DB24 /* GradientDemo */ = {
			isa = PBXNativeTarget;
			buildConfigurationList = 00C424431DE43CCA00C2DB24 /* Build configuration list for PBXNativeTarget "GradientDemo" */;
			buildPhases = (
				00C4242D1DE43CCA00C2DB24 /* Sources */,
				00C4242E1DE43CCA00C2DB24 /* Frameworks */,
				00C4242F1DE43CCA00C2DB24 /* Resources */,
			);
			buildRules = (
			);
			dependencies = (
			);
			name = GradientDemo;
			productName = GradientDemo;
			productReference = 00C424311DE43CCA00C2DB24 /* GradientDemo.app */;
			productType = "com.apple.product-type.application";
		};
/* End PBXNativeTarget section */

/* Begin PBXProject section */
		00C424291DE43CCA00C2DB24 /* Project object */ = {
			isa = PBXProject;
			attributes = {
				LastSwiftUpdateCheck = 0810;
				LastUpgradeCheck = 0810;
				ORGANIZATIONNAME = secoo;
				TargetAttributes = {
					00C424301DE43CCA00C2DB24 = {
						CreatedOnToolsVersion = 8.1;
						DevelopmentTeam = K2VBE95LX6;
						ProvisioningStyle = Automatic;
					};
				};
			};
			buildConfigurationList = 00C4242C1DE43CCA00C2DB24 /* Build configuration list for PBXProject "GradientDemo" */;
			compatibilityVersion = "Xcode 3.2";
			developmentRegion = English;
			hasScannedForEncodings = 0;
			knownRegions = (
				English,
				en,
				Base,
			);
			mainGroup = 00C424281DE43CCA00C2DB24;
			productRefGroup = 00C424321DE43CCA00C2DB24 /* Products */;
			projectDirPath = "";
			projectRoot = "";
			targets = (
				00C424301DE43CCA00C2DB24 /* GradientDemo */,
			);
		};
/* End PBXProject section */

/* Begin PBXResourcesBuildPhase section */
		00C4242F1DE43CCA00C2DB24 /* Resources */ = {
			isa = PBXResourcesBuildPhase;
			buildActionMask = 2147483647;
			files = (
				00C4243F1DE43CCA00C2DB24 /* LaunchScreen.storyboard in Resources */,
				00C4243C1DE43CCA00C2DB24 /* Assets.xcassets in Resources */,
				00C4243A1DE43CCA00C2DB24 /* Main.storyboard in Resources */,
			);
			runOnlyForDeploymentPostprocessing = 0;
		};
/* End PBXResourcesBuildPhase section */

/* Begin PBXSourcesBuildPhase section */
		00C4242D1DE43CCA00C2DB24 /* Sources */ = {
			isa = PBXSourcesBuildPhase;
			buildActionMask = 2147483647;
			files = (
				00C424371DE43CCA00C2DB24 /* ViewController.swift in Sources */,
				00C424351DE43CCA00C2DB24 /* AppDelegate.swift in Sources */,
			);
			runOnlyForDeploymentPostprocessing = 0;
		};
/* End PBXSourcesBuildPhase section */

/* Begin PBXVariantGroup section */
		00C424381DE43CCA00C2DB24 /* Main.storyboard */ = {
			isa = PBXVariantGroup;
			children = (
				00C424391DE43CCA00C2DB24 /* Base */,
			);
			name = Main.storyboard;
			sourceTree = "<group>";
		};
		00C4243D1DE43CCA00C2DB24 /* LaunchScreen.storyboard */ = {
			isa = PBXVariantGroup;
			children = (
				00C4243E1DE43CCA00C2DB24 /* Base */,
			);
			name = LaunchScreen.storyboard;
			sourceTree = "<group>";
		};
/* End PBXVariantGroup section */

/* Begin XCBuildConfiguration section */
		00C424411DE43CCA00C2DB24 /* Debug */ = {
			isa = XCBuildConfiguration;
			buildSettings = {
				ALWAYS_SEARCH_USER_PATHS = NO;
				CLANG_ANALYZER_NONNULL = YES;
				CLANG_CXX_LANGUAGE_STANDARD = "gnu++0x";
				CLANG_CXX_LIBRARY = "libc++";
				CLANG_ENABLE_MODULES = YES;
				CLANG_ENABLE_OBJC_ARC = YES;
				CLANG_WARN_BOOL_CONVERSION = YES;
				CLANG_WARN_CONSTANT_CONVERSION = YES;
				CLANG_WARN_DIRECT_OBJC_ISA_USAGE = YES_ERROR;
				CLANG_WARN_DOCUMENTATION_COMMENTS = YES;
				CLANG_WARN_EMPTY_BODY = YES;
				CLANG_WARN_ENUM_CONVERSION = YES;
				CLANG_WARN_INFINITE_RECURSION = YES;
				CLANG_WARN_INT_CONVERSION = YES;
				CLANG_WARN_OBJC_ROOT_CLASS = YES_ERROR;
				CLANG_WARN_SUSPICIOUS_MOVES = YES;
				CLANG_WARN_UNREACHABLE_CODE = YES;
				CLANG_WARN__DUPLICATE_METHOD_MATCH = YES;
				"CODE_SIGN_IDENTITY[sdk=iphoneos*]" = "iPhone Developer";
				COPY_PHASE_STRIP = NO;
				DEBUG_INFORMATION_FORMAT = dwarf;
				ENABLE_STRICT_OBJC_MSGSEND = YES;
				ENABLE_TESTABILITY = YES;
				GCC_C_LANGUAGE_STANDARD = gnu99;
				GCC_DYNAMIC_NO_PIC = NO;
				GCC_NO_COMMON_BLOCKS = YES;
				GCC_OPTIMIZATION_LEVEL = 0;
				GCC_PREPROCESSOR_DEFINITIONS = (
					"DEBUG=1",
					"$(inherited)",
				);
				GCC_WARN_64_TO_32_BIT_CONVERSION = YES;
				GCC_WARN_ABOUT_RETURN_TYPE = YES_ERROR;
				GCC_WARN_UNDECLARED_SELECTOR = YES;
				GCC_WARN_UNINITIALIZED_AUTOS = YES_AGGRESSIVE;
				GCC_WARN_UNUSED_FUNCTION = YES;
				GCC_WARN_UNUSED_VARIABLE = YES;
				IPHONEOS_DEPLOYMENT_TARGET = 10.1;
				MTL_ENABLE_DEBUG_INFO = YES;
				ONLY_ACTIVE_ARCH = YES;
				SDKROOT = iphoneos;
				SWIFT_ACTIVE_COMPILATION_CONDITIONS = DEBUG;
				SWIFT_OPTIMIZATION_LEVEL = "-Onone";
				TARGETED_DEVICE_FAMILY = "1,2";
			};
			name = Debug;
		};
		00C424421DE43CCA00C2DB24 /* Release */ = {
			isa = XCBuildConfiguration;
			buildSettings = {
				ALWAYS_SEARCH_USER_PATHS = NO;
				CLANG_ANALYZER_NONNULL = YES;
				CLANG_CXX_LANGUAGE_STANDARD = "gnu++0x";
				CLANG_CXX_LIBRARY = "libc++";
				CLANG_ENABLE_MODULES = YES;
				CLANG_ENABLE_OBJC_ARC = YES;
				CLANG_WARN_BOOL_CONVERSION = YES;
				CLANG_WARN_CONSTANT_CONVERSION = YES;
				CLANG_WARN_DIRECT_OBJC_ISA_USAGE = YES_ERROR;
				CLANG_WARN_DOCUMENTATION_COMMENTS = YES;
				CLANG_WARN_EMPTY_BODY = YES;
				CLANG_WARN_ENUM_CONVERSION = YES;
				CLANG_WARN_INFINITE_RECURSION = YES;
				CLANG_WARN_INT_CONVERSION = YES;
				CLANG_WARN_OBJC_ROOT_CLASS = YES_ERROR;
				CLANG_WARN_SUSPICIOUS_MOVES = YES;
				CLANG_WARN_UNREACHABLE_CODE = YES;
				CLANG_WARN__DUPLICATE_METHOD_MATCH = YES;
				"CODE_SIGN_IDENTITY[sdk=iphoneos*]" = "iPhone Developer";
				COPY_PHASE_STRIP = NO;
				DEBUG_INFORMATION_FORMAT = "dwarf-with-dsym";
				ENABLE_NS_ASSERTIONS = NO;
				ENABLE_STRICT_OBJC_MSGSEND = YES;
				GCC_C_LANGUAGE_STANDARD = gnu99;
				GCC_NO_COMMON_BLOCKS = YES;
				GCC_WARN_64_TO_32_BIT_CONVERSION = YES;
				GCC_WARN_ABOUT_RETURN_TYPE = YES_ERROR;
				GCC_WARN_UNDECLARED_SELECTOR = YES;
				GCC_WARN_UNINITIALIZED_AUTOS = YES_AGGRESSIVE;
				GCC_WARN_UNUSED_FUNCTION = YES;
				GCC_WARN_UNUSED_VARIABLE = YES;
				IPHONEOS_DEPLOYMENT_TARGET = 10.1;
				MTL_ENABLE_DEBUG_INFO = NO;
				SDKROOT = iphoneos;
				SWIFT_OPTIMIZATION_LEVEL = "-Owholemodule";
				TARGETED_DEVICE_FAMILY = "1,2";
				VALIDATE_PRODUCT = YES;
			};
			name = Release;
		};
		00C424441DE43CCA00C2DB24 /* Debug */ = {
			isa = XCBuildConfiguration;
			buildSettings = {
				ASSETCATALOG_COMPILER_APPICON_NAME = AppIcon;
				DEVELOPMENT_TEAM = K2VBE95LX6;
				INFOPLIST_FILE = GradientDemo/Info.plist;
				LD_RUNPATH_SEARCH_PATHS = "$(inherited) @executable_path/Frameworks";
				PRODUCT_BUNDLE_IDENTIFIER = com.secoo.www.GradientDemo;
				PRODUCT_NAME = "$(TARGET_NAME)";
				SWIFT_VERSION = 5.0;
			};
			name = Debug;
		};
		00C424451DE43CCA00C2DB24 /* Release */ = {
			isa = XCBuildConfiguration;
			buildSettings = {
				ASSETCATALOG_COMPILER_APPICON_NAME = AppIcon;
				DEVELOPMENT_TEAM = K2VBE95LX6;
				INFOPLIST_FILE = GradientDemo/Info.plist;
				LD_RUNPATH_SEARCH_PATHS = "$(inherited) @executable_path/Frameworks";
				PRODUCT_BUNDLE_IDENTIFIER = com.secoo.www.GradientDemo;
				PRODUCT_NAME = "$(TARGET_NAME)";
				SWIFT_VERSION = 5.0;
			};
			name = Release;
		};
/* End XCBuildConfiguration section */

/* Begin XCConfigurationList section */
		00C4242C1DE43CCA00C2DB24 /* Build configuration list for PBXProject "GradientDemo" */ = {
			isa = XCConfigurationList;
			buildConfigurations = (
				00C424411DE43CCA00C2DB24 /* Debug */,
				00C424421DE43CCA00C2DB24 /* Release */,
			);
			defaultConfigurationIsVisible = 0;
			defaultConfigurationName = Release;
		};
		00C424431DE43CCA00C2DB24 /* Build configuration list for PBXNativeTarget "GradientDemo" */ = {
			isa = XCConfigurationList;
			buildConfigurations = (
				00C424441DE43CCA00C2DB24 /* Debug */,
				00C424451DE43CCA00C2DB24 /* Release */,
			);
			defaultConfigurationIsVisible = 0;
			defaultConfigurationName = Release;
		};
/* End XCConfigurationList section */
	};
	rootObject = 00C424291DE43CCA00C2DB24 /* Project object */;
}
